// !$*UTF8*$!
{
	archiveVersion = 1;
	classes = {
	};
	objectVersion = 55;
	objects = {

/* Begin PBXBuildFile section */
		5F70367527B5A7B000D08F19 /* AppDelegate.swift in Sources */ = {isa = PBXBuildFile; fileRef = 5F70367427B5A7B000D08F19 /* AppDelegate.swift */; };
		5F70367727B5A7B000D08F19 /* SceneDelegate.swift in Sources */ = {isa = PBXBuildFile; fileRef = 5F70367627B5A7B000D08F19 /* SceneDelegate.swift */; };
		5F70367927B5A7B000D08F19 /* ViewController.swift in Sources */ = {isa = PBXBuildFile; fileRef = 5F70367827B5A7B000D08F19 /* ViewController.swift */; };
		5F70367C27B5A7B000D08F19 /* Main.storyboard in Resources */ = {isa = PBXBuildFile; fileRef = 5F70367A27B5A7B000D08F19 /* Main.storyboard */; };
		5F70367E27B5A7B300D08F19 /* Assets.xcassets in Resources */ = {isa = PBXBuildFile; fileRef = 5F70367D27B5A7B300D08F19 /* Assets.xcassets */; };
		5F70368127B5A7B300D08F19 /* LaunchScreen.storyboard in Resources */ = {isa = PBXBuildFile; fileRef = 5F70367F27B5A7B300D08F19 /* LaunchScreen.storyboard */; };
		5F70368C27B5A7B300D08F19 /* passwordvalidationTests.swift in Sources */ = {isa = PBXBuildFile; fileRef = 5F70368B27B5A7B300D08F19 /* passwordvalidationTests.swift */; };
		5F70369627B5A7B400D08F19 /* passwordvalidationUITests.swift in Sources */ = {isa = PBXBuildFile; fileRef = 5F70369527B5A7B400D08F19 /* passwordvalidationUITests.swift */; };
		5F70369827B5A7B400D08F19 /* passwordvalidationUITestsLaunchTests.swift in Sources */ = {isa = PBXBuildFile; fileRef = 5F70369727B5A7B400D08F19 /* passwordvalidationUITestsLaunchTests.swift */; };
		5F7036A527B5AE9800D08F19 /* PasswordValidator.swift in Sources */ = {isa = PBXBuildFile; fileRef = 5F7036A427B5AE9800D08F19 /* PasswordValidator.swift */; };
/* End PBXBuildFile section */

/* Begin PBXContainerItemProxy section */
		5F70368827B5A7B300D08F19 /* PBXContainerItemProxy */ = {
			isa = PBXContainerItemProxy;
			containerPortal = 5F70366927B5A7B000D08F19 /* Project object */;
			proxyType = 1;
			remoteGlobalIDString = 5F70367027B5A7B000D08F19;
			remoteInfo = passwordvalidation;
		};
		5F70369227B5A7B400D08F19 /* PBXContainerItemProxy */ = {
			isa = PBXContainerItemProxy;
			containerPortal = 5F70366927B5A7B000D08F19 /* Project object */;
			proxyType = 1;
			remoteGlobalIDString = 5F70367027B5A7B000D08F19;
			remoteInfo = passwordvalidation;
		};
/* End PBXContainerItemProxy section */

/* Begin PBXFileReference section */
		5F70367127B5A7B000D08F19 /* passwordvalidation.app */ = {isa = PBXFileReference; explicitFileType = wrapper.application; includeInIndex = 0; path = passwordvalidation.app; sourceTree = BUILT_PRODUCTS_DIR; };
		5F70367427B5A7B000D08F19 /* AppDelegate.swift */ = {isa = PBXFileReference; lastKnownFileType = sourcecode.swift; path = AppDelegate.swift; sourceTree = "<group>"; };
		5F70367627B5A7B000D08F19 /* SceneDelegate.swift */ = {isa = PBXFileReference; lastKnownFileType = sourcecode.swift; path = SceneDelegate.swift; sourceTree = "<group>"; };
		5F70367827B5A7B000D08F19 /* ViewController.swift */ = {isa = PBXFileReference; lastKnownFileType = sourcecode.swift; path = ViewController.swift; sourceTree = "<group>"; };
		5F70367B27B5A7B000D08F19 /* Base */ = {isa = PBXFileReference; lastKnownFileType = file.storyboard; name = Base; path = Base.lproj/Main.storyboard; sourceTree = "<group>"; };
		5F70367D27B5A7B300D08F19 /* Assets.xcassets */ = {isa = PBXFileReference; lastKnownFileType = folder.assetcatalog; path = Assets.xcassets; sourceTree = "<group>"; };
		5F70368027B5A7B300D08F19 /* Base */ = {isa = PBXFileReference; lastKnownFileType = file.storyboard; name = Base; path = Base.lproj/LaunchScreen.storyboard; sourceTree = "<group>"; };
		5F70368227B5A7B300D08F19 /* Info.plist */ = {isa = PBXFileReference; lastKnownFileType = text.plist.xml; path = Info.plist; sourceTree = "<group>"; };
		5F70368727B5A7B300D08F19 /* passwordvalidationTests.xctest */ = {isa = PBXFileReference; explicitFileType = wrapper.cfbundle; includeInIndex = 0; path = passwordvalidationTests.xctest; sourceTree = BUILT_PRODUCTS_DIR; };
		5F70368B27B5A7B300D08F19 /* passwordvalidationTests.swift */ = {isa = PBXFileReference; lastKnownFileType = sourcecode.swift; path = passwordvalidationTests.swift; sourceTree = "<group>"; };
		5F70369127B5A7B400D08F19 /* passwordvalidationUITests.xctest */ = {isa = PBXFileReference; explicitFileType = wrapper.cfbundle; includeInIndex = 0; path = passwordvalidationUITests.xctest; sourceTree = BUILT_PRODUCTS_DIR; };
		5F70369527B5A7B400D08F19 /* passwordvalidationUITests.swift */ = {isa = PBXFileReference; lastKnownFileType = sourcecode.swift; path = passwordvalidationUITests.swift; sourceTree = "<group>"; };
		5F70369727B5A7B400D08F19 /* passwordvalidationUITestsLaunchTests.swift */ = {isa = PBXFileReference; lastKnownFileType = sourcecode.swift; path = passwordvalidationUITestsLaunchTests.swift; sourceTree = "<group>"; };
		5F7036A427B5AE9800D08F19 /* PasswordValidator.swift */ = {isa = PBXFileReference; lastKnownFileType = sourcecode.swift; path = PasswordValidator.swift; sourceTree = "<group>"; };
/* End PBXFileReference section */

/* Begin PBXFrameworksBuildPhase section */
		5F70366E27B5A7B000D08F19 /* Frameworks */ = {
			isa = PBXFrameworksBuildPhase;
			buildActionMask = 2147483647;
			files = (
			);
			runOnlyForDeploymentPostprocessing = 0;
		};
		5F70368427B5A7B300D08F19 /* Frameworks */ = {
			isa = PBXFrameworksBuildPhase;
			buildActionMask = 2147483647;
			files = (
			);
			runOnlyForDeploymentPostprocessing = 0;
		};
		5F70368E27B5A7B400D08F19 /* Frameworks */ = {
			isa = PBXFrameworksBuildPhase;
			buildActionMask = 2147483647;
			files = (
			);
			runOnlyForDeploymentPostprocessing = 0;
		};
/* End PBXFrameworksBuildPhase section */

/* Begin PBXGroup section */
		5F70366827B5A7B000D08F19 = {
			isa = PBXGroup;
			children = (
				5F70367327B5A7B000D08F19 /* passwordvalidation */,
				5F70368A27B5A7B300D08F19 /* passwordvalidationTests */,
				5F70369427B5A7B400D08F19 /* passwordvalidationUITests */,
				5F70367227B5A7B000D08F19 /* Products */,
			);
			sourceTree = "<group>";
		};
		5F70367227B5A7B000D08F19 /* Products */ = {
			isa = PBXGroup;
			children = (
				5F70367127B5A7B000D08F19 /* passwordvalidation.app */,
				5F70368727B5A7B300D08F19 /* passwordvalidationTests.xctest */,
				5F70369127B5A7B400D08F19 /* passwordvalidationUITests.xctest */,
			);
			name = Products;
			sourceTree = "<group>";
		};
		5F70367327B5A7B000D08F19 /* passwordvalidation */ = {
			isa = PBXGroup;
			children = (
				5F70367427B5A7B000D08F19 /* AppDelegate.swift */,
				5F70367627B5A7B000D08F19 /* SceneDelegate.swift */,
				5F70367827B5A7B000D08F19 /* ViewController.swift */,
				5F7036A427B5AE9800D08F19 /* PasswordValidator.swift */,
				5F70367A27B5A7B000D08F19 /* Main.storyboard */,
				5F70367D27B5A7B300D08F19 /* Assets.xcassets */,
				5F70367F27B5A7B300D08F19 /* LaunchScreen.storyboard */,
				5F70368227B5A7B300D08F19 /* Info.plist */,
			);
			path = passwordvalidation;
			sourceTree = "<group>";
		};
		5F70368A27B5A7B300D08F19 /* passwordvalidationTests */ = {
			isa = PBXGroup;
			children = (
				5F70368B27B5A7B300D08F19 /* passwordvalidationTests.swift */,
			);
			path = passwordvalidationTests;
			sourceTree = "<group>";
		};
		5F70369427B5A7B400D08F19 /* passwordvalidationUITests */ = {
			isa = PBXGroup;
			children = (
				5F70369527B5A7B400D08F19 /* passwordvalidationUITests.swift */,
				5F70369727B5A7B400D08F19 /* passwordvalidationUITestsLaunchTests.swift */,
			);
			path = passwordvalidationUITests;
			sourceTree = "<group>";
		};
/* End PBXGroup section */

/* Begin PBXNativeTarget section */
		5F70367027B5A7B000D08F19 /* passwordvalidation */ = {
			isa = PBXNativeTarget;
			buildConfigurationList = 5F70369B27B5A7B400D08F19 /* Build configuration list for PBXNativeTarget "passwordvalidation" */;
			buildPhases = (
				5F70366D27B5A7B000D08F19 /* Sources */,
				5F70366E27B5A7B000D08F19 /* Frameworks */,
				5F70366F27B5A7B000D08F19 /* Resources */,
			);
			buildRules = (
			);
			dependencies = (
			);
			name = passwordvalidation;
			productName = passwordvalidation;
			productReference = 5F70367127B5A7B000D08F19 /* passwordvalidation.app */;
			productType = "com.apple.product-type.application";
		};
		5F70368627B5A7B300D08F19 /* passwordvalidationTests */ = {
			isa = PBXNativeTarget;
			buildConfigurationList = 5F70369E27B5A7B400D08F19 /* Build configuration list for PBXNativeTarget "passwordvalidationTests" */;
			buildPhases = (
				5F70368327B5A7B300D08F19 /* Sources */,
				5F70368427B5A7B300D08F19 /* Frameworks */,
				5F70368527B5A7B300D08F19 /* Resources */,
			);
			buildRules = (
			);
			dependencies = (
				5F70368927B5A7B300D08F19 /* PBXTargetDependency */,
			);
			name = passwordvalidationTests;
			productName = passwordvalidationTests;
			productReference = 5F70368727B5A7B300D08F19 /* passwordvalidationTests.xctest */;
			productType = "com.apple.product-type.bundle.unit-test";
		};
		5F70369027B5A7B400D08F19 /* passwordvalidationUITests */ = {
			isa = PBXNativeTarget;
			buildConfigurationList = 5F7036A127B5A7B400D08F19 /* Build configuration list for PBXNativeTarget "passwordvalidationUITests" */;
			buildPhases = (
				5F70368D27B5A7B400D08F19 /* Sources */,
				5F70368E27B5A7B400D08F19 /* Frameworks */,
				5F70368F27B5A7B400D08F19 /* Resources */,
			);
			buildRules = (
			);
			dependencies = (
				5F70369327B5A7B400D08F19 /* PBXTargetDependency */,
			);
			name = passwordvalidationUITests;
			productName = passwordvalidationUITests;
			productReference = 5F70369127B5A7B400D08F19 /* passwordvalidationUITests.xctest */;
			productType = "com.apple.product-type.bundle.ui-testing";
		};
/* End PBXNativeTarget section */

/* Begin PBXProject section */
		5F70366927B5A7B000D08F19 /* Project object */ = {
			isa = PBXProject;
			attributes = {
				BuildIndependentTargetsInParallel = 1;
				LastSwiftUpdateCheck = 1320;
				LastUpgradeCheck = 1320;
				TargetAttributes = {
					5F70367027B5A7B000D08F19 = {
						CreatedOnToolsVersion = 13.2.1;
					};
					5F70368627B5A7B300D08F19 = {
						CreatedOnToolsVersion = 13.2.1;
						TestTargetID = 5F70367027B5A7B000D08F19;
					};
					5F70369027B5A7B400D08F19 = {
						CreatedOnToolsVersion = 13.2.1;
						TestTargetID = 5F70367027B5A7B000D08F19;
					};
				};
			};
			buildConfigurationList = 5F70366C27B5A7B000D08F19 /* Build configuration list for PBXProject "passwordvalidation" */;
			compatibilityVersion = "Xcode 13.0";
			developmentRegion = en;
			hasScannedForEncodings = 0;
			knownRegions = (
				en,
				Base,
			);
			mainGroup = 5F70366827B5A7B000D08F19;
			productRefGroup = 5F70367227B5A7B000D08F19 /* Products */;
			projectDirPath = "";
			projectRoot = "";
			targets = (
				5F70367027B5A7B000D08F19 /* passwordvalidation */,
				5F70368627B5A7B300D08F19 /* passwordvalidationTests */,
				5F70369027B5A7B400D08F19 /* passwordvalidationUITests */,
			);
		};
/* End PBXProject section */

/* Begin PBXResourcesBuildPhase section */
		5F70366F27B5A7B000D08F19 /* Resources */ = {
			isa = PBXResourcesBuildPhase;
			buildActionMask = 2147483647;
			files = (
				5F70368127B5A7B300D08F19 /* LaunchScreen.storyboard in Resources */,
				5F70367E27B5A7B300D08F19 /* Assets.xcassets in Resources */,
				5F70367C27B5A7B000D08F19 /* Main.storyboard in Resources */,
			);
			runOnlyForDeploymentPostprocessing = 0;
		};
		5F70368527B5A7B300D08F19 /* Resources */ = {
			isa = PBXResourcesBuildPhase;
			buildActionMask = 2147483647;
			files = (
			);
			runOnlyForDeploymentPostprocessing = 0;
		};
		5F70368F27B5A7B400D08F19 /* Resources */ = {
			isa = PBXResourcesBuildPhase;
			buildActionMask = 2147483647;
			files = (
			);
			runOnlyForDeploymentPostprocessing = 0;
		};
/* End PBXResourcesBuildPhase section */

/* Begin PBXSourcesBuildPhase section */
		5F70366D27B5A7B000D08F19 /* Sources */ = {
			isa = PBXSourcesBuildPhase;
			buildActionMask = 2147483647;
			files = (
				5F70367927B5A7B000D08F19 /* ViewController.swift in Sources */,
				5F70367527B5A7B000D08F19 /* AppDelegate.swift in Sources */,
				5F70367727B5A7B000D08F19 /* SceneDelegate.swift in Sources */,
				5F7036A527B5AE9800D08F19 /* PasswordValidator.swift in Sources */,
			);
			runOnlyForDeploymentPostprocessing = 0;
		};
		5F70368327B5A7B300D08F19 /* Sources */ = {
			isa = PBXSourcesBuildPhase;
			buildActionMask = 2147483647;
			files = (
				5F70368C27B5A7B300D08F19 /* passwordvalidationTests.swift in Sources */,
			);
			runOnlyForDeploymentPostprocessing = 0;
		};
		5F70368D27B5A7B400D08F19 /* Sources */ = {
			isa = PBXSourcesBuildPhase;
			buildActionMask = 2147483647;
			files = (
				5F70369827B5A7B400D08F19 /* passwordvalidationUITestsLaunchTests.swift in Sources */,
				5F70369627B5A7B400D08F19 /* passwordvalidationUITests.swift in Sources */,
			);
			runOnlyForDeploymentPostprocessing = 0;
		};
/* End PBXSourcesBuildPhase section */

/* Begin PBXTargetDependency section */
		5F70368927B5A7B300D08F19 /* PBXTargetDependency */ = {
			isa = PBXTargetDependency;
			target = 5F70367027B5A7B000D08F19 /* passwordvalidation */;
			targetProxy = 5F70368827B5A7B300D08F19 /* PBXContainerItemProxy */;
		};
		5F70369327B5A7B400D08F19 /* PBXTargetDependency */ = {
			isa = PBXTargetDependency;
			target = 5F70367027B5A7B000D08F19 /* passwordvalidation */;
			targetProxy = 5F70369227B5A7B400D08F19 /* PBXContainerItemProxy */;
		};
/* End PBXTargetDependency section */

/* Begin PBXVariantGroup section */
		5F70367A27B5A7B000D08F19 /* Main.storyboard */ = {
			isa = PBXVariantGroup;
			children = (
				5F70367B27B5A7B000D08F19 /* Base */,
			);
			name = Main.storyboard;
			sourceTree = "<group>";
		};
		5F70367F27B5A7B300D08F19 /* LaunchScreen.storyboard */ = {
			isa = PBXVariantGroup;
			children = (
				5F70368027B5A7B300D08F19 /* Base */,
			);
			name = LaunchScreen.storyboard;
			sourceTree = "<group>";
		};
/* End PBXVariantGroup section */

/* Begin XCBuildConfiguration section */
		5F70369927B5A7B400D08F19 /* Debug */ = {
			isa = XCBuildConfiguration;
			buildSettings = {
				ALWAYS_SEARCH_USER_PATHS = NO;
				CLANG_ANALYZER_NONNULL = YES;
				CLANG_ANALYZER_NUMBER_OBJECT_CONVERSION = YES_AGGRESSIVE;
				CLANG_CXX_LANGUAGE_STANDARD = "gnu++17";
				CLANG_CXX_LIBRARY = "libc++";
				CLANG_ENABLE_MODULES = YES;
				CLANG_ENABLE_OBJC_ARC = YES;
				CLANG_ENABLE_OBJC_WEAK = YES;
				CLANG_WARN_BLOCK_CAPTURE_AUTORELEASING = YES;
				CLANG_WARN_BOOL_CONVERSION = YES;
				CLANG_WARN_COMMA = YES;
				CLANG_WARN_CONSTANT_CONVERSION = YES;
				CLANG_WARN_DEPRECATED_OBJC_IMPLEMENTATIONS = YES;
				CLANG_WARN_DIRECT_OBJC_ISA_USAGE = YES_ERROR;
				CLANG_WARN_DOCUMENTATION_COMMENTS = YES;
				CLANG_WARN_EMPTY_BODY = YES;
				CLANG_WARN_ENUM_CONVERSION = YES;
				CLANG_WARN_INFINITE_RECURSION = YES;
				CLANG_WARN_INT_CONVERSION = YES;
				CLANG_WARN_NON_LITERAL_NULL_CONVERSION = YES;
				CLANG_WARN_OBJC_IMPLICIT_RETAIN_SELF = YES;
				CLANG_WARN_OBJC_LITERAL_CONVERSION = YES;
				CLANG_WARN_OBJC_ROOT_CLASS = YES_ERROR;
				CLANG_WARN_QUOTED_INCLUDE_IN_FRAMEWORK_HEADER = YES;
				CLANG_WARN_RANGE_LOOP_ANALYSIS = YES;
				CLANG_WARN_STRICT_PROTOTYPES = YES;
				CLANG_WARN_SUSPICIOUS_MOVE = YES;
				CLANG_WARN_UNGUARDED_AVAILABILITY = YES_AGGRESSIVE;
				CLANG_WARN_UNREACHABLE_CODE = YES;
				CLANG_WARN__DUPLICATE_METHOD_MATCH = YES;
				COPY_PHASE_STRIP = NO;
				DEBUG_INFORMATION_FORMAT = dwarf;
				ENABLE_STRICT_OBJC_MSGSEND = YES;
				ENABLE_TESTABILITY = YES;
				GCC_C_LANGUAGE_STANDARD = gnu11;
				GCC_DYNAMIC_NO_PIC = NO;
				GCC_NO_COMMON_BLOCKS = YES;
				GCC_OPTIMIZATION_LEVEL = 0;
				GCC_PREPROCESSOR_DEFINITIONS = (
					"DEBUG=1",
					"$(inherited)",
				);
				GCC_WARN_64_TO_32_BIT_CONVERSION = YES;
				GCC_WARN_ABOUT_RETURN_TYPE = YES_ERROR;
				GCC_WARN_UNDECLARED_SELECTOR = YES;
				GCC_WARN_UNINITIALIZED_AUTOS = YES_AGGRESSIVE;
				GCC_WARN_UNUSED_FUNCTION = YES;
				GCC_WARN_UNUSED_VARIABLE = YES;
				IPHONEOS_DEPLOYMENT_TARGET = 15.2;
				MTL_ENABLE_DEBUG_INFO = INCLUDE_SOURCE;
				MTL_FAST_MATH = YES;
				ONLY_ACTIVE_ARCH = YES;
				SDKROOT = iphoneos;
				SWIFT_ACTIVE_COMPILATION_CONDITIONS = DEBUG;
				SWIFT_OPTIMIZATION_LEVEL = "-Onone";
			};
			name = Debug;
		};
		5F70369A27B5A7B400D08F19 /* Release */ = {
			isa = XCBuildConfiguration;
			buildSettings = {
				ALWAYS_SEARCH_USER_PATHS = NO;
				CLANG_ANALYZER_NONNULL = YES;
				CLANG_ANALYZER_NUMBER_OBJECT_CONVERSION = YES_AGGRESSIVE;
				CLANG_CXX_LANGUAGE_STANDARD = "gnu++17";
				CLANG_CXX_LIBRARY = "libc++";
				CLANG_ENABLE_MODULES = YES;
				CLANG_ENABLE_OBJC_ARC = YES;
				CLANG_ENABLE_OBJC_WEAK = YES;
				CLANG_WARN_BLOCK_CAPTURE_AUTORELEASING = YES;
				CLANG_WARN_BOOL_CONVERSION = YES;
				CLANG_WARN_COMMA = YES;
				CLANG_WARN_CONSTANT_CONVERSION = YES;
				CLANG_WARN_DEPRECATED_OBJC_IMPLEMENTATIONS = YES;
				CLANG_WARN_DIRECT_OBJC_ISA_USAGE = YES_ERROR;
				CLANG_WARN_DOCUMENTATION_COMMENTS = YES;
				CLANG_WARN_EMPTY_BODY = YES;
				CLANG_WARN_ENUM_CONVERSION = YES;
				CLANG_WARN_INFINITE_RECURSION = YES;
				CLANG_WARN_INT_CONVERSION = YES;
				CLANG_WARN_NON_LITERAL_NULL_CONVERSION = YES;
				CLANG_WARN_OBJC_IMPLICIT_RETAIN_SELF = YES;
				CLANG_WARN_OBJC_LITERAL_CONVERSION = YES;
				CLANG_WARN_OBJC_ROOT_CLASS = YES_ERROR;
				CLANG_WARN_QUOTED_INCLUDE_IN_FRAMEWORK_HEADER = YES;
				CLANG_WARN_RANGE_LOOP_ANALYSIS = YES;
				CLANG_WARN_STRICT_PROTOTYPES = YES;
				CLANG_WARN_SUSPICIOUS_MOVE = YES;
				CLANG_WARN_UNGUARDED_AVAILABILITY = YES_AGGRESSIVE;
				CLANG_WARN_UNREACHABLE_CODE = YES;
				CLANG_WARN__DUPLICATE_METHOD_MATCH = YES;
				COPY_PHASE_STRIP = NO;
				DEBUG_INFORMATION_FORMAT = "dwarf-with-dsym";
				ENABLE_NS_ASSERTIONS = NO;
				ENABLE_STRICT_OBJC_MSGSEND = YES;
				GCC_C_LANGUAGE_STANDARD = gnu11;
				GCC_NO_COMMON_BLOCKS = YES;
				GCC_WARN_64_TO_32_BIT_CONVERSION = YES;
				GCC_WARN_ABOUT_RETURN_TYPE = YES_ERROR;
				GCC_WARN_UNDECLARED_SELECTOR = YES;
				GCC_WARN_UNINITIALIZED_AUTOS = YES_AGGRESSIVE;
				GCC_WARN_UNUSED_FUNCTION = YES;
				GCC_WARN_UNUSED_VARIABLE = YES;
				IPHONEOS_DEPLOYMENT_TARGET = 15.2;
				MTL_ENABLE_DEBUG_INFO = NO;
				MTL_FAST_MATH = YES;
				SDKROOT = iphoneos;
				SWIFT_COMPILATION_MODE = wholemodule;
				SWIFT_OPTIMIZATION_LEVEL = "-O";
				VALIDATE_PRODUCT = YES;
			};
			name = Release;
		};
		5F70369C27B5A7B400D08F19 /* Debug */ = {
			isa = XCBuildConfiguration;
			buildSettings = {
				ASSETCATALOG_COMPILER_APPICON_NAME = AppIcon;
				ASSETCATALOG_COMPILER_GLOBAL_ACCENT_COLOR_NAME = AccentColor;
				CODE_SIGN_STYLE = Automatic;
				CURRENT_PROJECT_VERSION = 1;
				DEVELOPMENT_TEAM = 3BDAF2SHGL;
				GENERATE_INFOPLIST_FILE = YES;
				INFOPLIST_FILE = passwordvalidation/Info.plist;
				INFOPLIST_KEY_UIApplicationSupportsIndirectInputEvents = YES;
				INFOPLIST_KEY_UILaunchStoryboardName = LaunchScreen;
				INFOPLIST_KEY_UIMainStoryboardFile = Main;
				INFOPLIST_KEY_UISupportedInterfaceOrientations_iPad = "UIInterfaceOrientationPortrait UIInterfaceOrientationPortraitUpsideDown UIInterfaceOrientationLandscapeLeft UIInterfaceOrientationLandscapeRight";
				INFOPLIST_KEY_UISupportedInterfaceOrientations_iPhone = "UIInterfaceOrientationPortrait UIInterfaceOrientationLandscapeLeft UIInterfaceOrientationLandscapeRight";
				LD_RUNPATH_SEARCH_PATHS = (
					"$(inherited)",
					"@executable_path/Frameworks",
				);
				MARKETING_VERSION = 1.0;
				PRODUCT_BUNDLE_IDENTIFIER = com.example.brianbachow.passwordvalidation;
				PRODUCT_NAME = "$(TARGET_NAME)";
				SWIFT_EMIT_LOC_STRINGS = YES;
				SWIFT_VERSION = 5.0;
				TARGETED_DEVICE_FAMILY = "1,2";
			};
			name = Debug;
		};
		5F70369D27B5A7B400D08F19 /* Release */ = {
			isa = XCBuildConfiguration;
			buildSettings = {
				ASSETCATALOG_COMPILER_APPICON_NAME = AppIcon;
				ASSETCATALOG_COMPILER_GLOBAL_ACCENT_COLOR_NAME = AccentColor;
				CODE_SIGN_STYLE = Automatic;
				CURRENT_PROJECT_VERSION = 1;
				DEVELOPMENT_TEAM = 3BDAF2SHGL;
				GENERATE_INFOPLIST_FILE = YES;
				INFOPLIST_FILE = passwordvalidation/Info.plist;
				INFOPLIST_KEY_UIApplicationSupportsIndirectInputEvents = YES;
				INFOPLIST_KEY_UILaunchStoryboardName = LaunchScreen;
				INFOPLIST_KEY_UIMainStoryboardFile = Main;
				INFOPLIST_KEY_UISupportedInterfaceOrientations_iPad = "UIInterfaceOrientationPortrait UIInterfaceOrientationPortraitUpsideDown UIInterfaceOrientationLandscapeLeft UIInterfaceOrientationLandscapeRight";
				INFOPLIST_KEY_UISupportedInterfaceOrientations_iPhone = "UIInterfaceOrientationPortrait UIInterfaceOrientationLandscapeLeft UIInterfaceOrientationLandscapeRight";
				LD_RUNPATH_SEARCH_PATHS = (
					"$(inherited)",
					"@executable_path/Frameworks",
				);
				MARKETING_VERSION = 1.0;
				PRODUCT_BUNDLE_IDENTIFIER = com.example.brianbachow.passwordvalidation;
				PRODUCT_NAME = "$(TARGET_NAME)";
				SWIFT_EMIT_LOC_STRINGS = YES;
				SWIFT_VERSION = 5.0;
				TARGETED_DEVICE_FAMILY = "1,2";
			};
			name = Release;
		};
		5F70369F27B5A7B400D08F19 /* Debug */ = {
			isa = XCBuildConfiguration;
			buildSettings = {
				ALWAYS_EMBED_SWIFT_STANDARD_LIBRARIES = YES;
				BUNDLE_LOADER = "$(TEST_HOST)";
				CODE_SIGN_STYLE = Automatic;
				CURRENT_PROJECT_VERSION = 1;
				DEVELOPMENT_TEAM = 3BDAF2SHGL;
				GENERATE_INFOPLIST_FILE = YES;
				IPHONEOS_DEPLOYMENT_TARGET = 15.2;
				MARKETING_VERSION = 1.0;
				PRODUCT_BUNDLE_IDENTIFIER = com.example.brianbachow.passwordvalidationTests;
				PRODUCT_NAME = "$(TARGET_NAME)";
				SWIFT_EMIT_LOC_STRINGS = NO;
				SWIFT_VERSION = 5.0;
				TARGETED_DEVICE_FAMILY = "1,2";
				TEST_HOST = "$(BUILT_PRODUCTS_DIR)/passwordvalidation.app/passwordvalidation";
			};
			name = Debug;
		};
		5F7036A027B5A7B400D08F19 /* Release */ = {
			isa = XCBuildConfiguration;
			buildSettings = {
				ALWAYS_EMBED_SWIFT_STANDARD_LIBRARIES = YES;
				BUNDLE_LOADER = "$(TEST_HOST)";
				CODE_SIGN_STYLE = Automatic;
				CURRENT_PROJECT_VERSION = 1;
				DEVELOPMENT_TEAM = 3BDAF2SHGL;
				GENERATE_INFOPLIST_FILE = YES;
				IPHONEOS_DEPLOYMENT_TARGET = 15.2;
				MARKETING_VERSION = 1.0;
				PRODUCT_BUNDLE_IDENTIFIER = com.example.brianbachow.passwordvalidationTests;
				PRODUCT_NAME = "$(TARGET_NAME)";
				SWIFT_EMIT_LOC_STRINGS = NO;
				SWIFT_VERSION = 5.0;
				TARGETED_DEVICE_FAMILY = "1,2";
				TEST_HOST = "$(BUILT_PRODUCTS_DIR)/passwordvalidation.app/passwordvalidation";
			};
			name = Release;
		};
		5F7036A227B5A7B400D08F19 /* Debug */ = {
			isa = XCBuildConfiguration;
			buildSettings = {
				ALWAYS_EMBED_SWIFT_STANDARD_LIBRARIES = YES;
				CODE_SIGN_STYLE = Automatic;
				CURRENT_PROJECT_VERSION = 1;
				DEVELOPMENT_TEAM = 3BDAF2SHGL;
				GENERATE_INFOPLIST_FILE = YES;
				MARKETING_VERSION = 1.0;
				PRODUCT_BUNDLE_IDENTIFIER = com.example.brianbachow.passwordvalidationUITests;
				PRODUCT_NAME = "$(TARGET_NAME)";
				SWIFT_EMIT_LOC_STRINGS = NO;
				SWIFT_VERSION = 5.0;
				TARGETED_DEVICE_FAMILY = "1,2";
				TEST_TARGET_NAME = passwordvalidation;
			};
			name = Debug;
		};
		5F7036A327B5A7B400D08F19 /* Release */ = {
			isa = XCBuildConfiguration;
			buildSettings = {
				ALWAYS_EMBED_SWIFT_STANDARD_LIBRARIES = YES;
				CODE_SIGN_STYLE = Automatic;
				CURRENT_PROJECT_VERSION = 1;
				DEVELOPMENT_TEAM = 3BDAF2SHGL;
				GENERATE_INFOPLIST_FILE = YES;
				MARKETING_VERSION = 1.0;
				PRODUCT_BUNDLE_IDENTIFIER = com.example.brianbachow.passwordvalidationUITests;
				PRODUCT_NAME = "$(TARGET_NAME)";
				SWIFT_EMIT_LOC_STRINGS = NO;
				SWIFT_VERSION = 5.0;
				TARGETED_DEVICE_FAMILY = "1,2";
				TEST_TARGET_NAME = passwordvalidation;
			};
			name = Release;
		};
/* End XCBuildConfiguration section */

/* Begin XCConfigurationList section */
		5F70366C27B5A7B000D08F19 /* Build configuration list for PBXProject "passwordvalidation" */ = {
			isa = XCConfigurationList;
			buildConfigurations = (
				5F70369927B5A7B400D08F19 /* Debug */,
				5F70369A27B5A7B400D08F19 /* Release */,
			);
			defaultConfigurationIsVisible = 0;
			defaultConfigurationName = Release;
		};
		5F70369B27B5A7B400D08F19 /* Build configuration list for PBXNativeTarget "passwordvalidation" */ = {
			isa = XCConfigurationList;
			buildConfigurations = (
				5F70369C27B5A7B400D08F19 /* Debug */,
				5F70369D27B5A7B400D08F19 /* Release */,
			);
			defaultConfigurationIsVisible = 0;
			defaultConfigurationName = Release;
		};
		5F70369E27B5A7B400D08F19 /* Build configuration list for PBXNativeTarget "passwordvalidationTests" */ = {
			isa = XCConfigurationList;
			buildConfigurations = (
				5F70369F27B5A7B400D08F19 /* Debug */,
				5F7036A027B5A7B400D08F19 /* Release */,
			);
			defaultConfigurationIsVisible = 0;
			defaultConfigurationName = Release;
		};
		5F7036A127B5A7B400D08F19 /* Build configuration list for PBXNativeTarget "passwordvalidationUITests" */ = {
			isa = XCConfigurationList;
			buildConfigurations = (
				5F7036A227B5A7B400D08F19 /* Debug */,
				5F7036A327B5A7B400D08F19 /* Release */,
			);
			defaultConfigurationIsVisible = 0;
			defaultConfigurationName = Release;
		};
/* End XCConfigurationList section */
	};
	rootObject = 5F70366927B5A7B000D08F19 /* Project object */;
}
