// !$*UTF8*$!
{
	archiveVersion = 1;
	classes = {
	};
	objectVersion = 55;
	objects = {

/* Begin PBXBuildFile section */
		5F88E19427BD430D004B6D49 /* AppDelegate.swift in Sources */ = {isa = PBXBuildFile; fileRef = 5F88E19327BD430D004B6D49 /* AppDelegate.swift */; };
		5F88E19627BD430D004B6D49 /* SceneDelegate.swift in Sources */ = {isa = PBXBuildFile; fileRef = 5F88E19527BD430D004B6D49 /* SceneDelegate.swift */; };
		5F88E19827BD430D004B6D49 /* ViewController.swift in Sources */ = {isa = PBXBuildFile; fileRef = 5F88E19727BD430D004B6D49 /* ViewController.swift */; };
		5F88E19B27BD430D004B6D49 /* Main.storyboard in Resources */ = {isa = PBXBuildFile; fileRef = 5F88E19927BD430D004B6D49 /* Main.storyboard */; };
		5F88E19D27BD430F004B6D49 /* Assets.xcassets in Resources */ = {isa = PBXBuildFile; fileRef = 5F88E19C27BD430F004B6D49 /* Assets.xcassets */; };
		5F88E1A027BD430F004B6D49 /* LaunchScreen.storyboard in Resources */ = {isa = PBXBuildFile; fileRef = 5F88E19E27BD430F004B6D49 /* LaunchScreen.storyboard */; };
		5F88E1AB27BD4310004B6D49 /* GCDTutorialTests.swift in Sources */ = {isa = PBXBuildFile; fileRef = 5F88E1AA27BD4310004B6D49 /* GCDTutorialTests.swift */; };
		5F88E1B527BD4310004B6D49 /* GCDTutorialUITests.swift in Sources */ = {isa = PBXBuildFile; fileRef = 5F88E1B427BD4310004B6D49 /* GCDTutorialUITests.swift */; };
		5F88E1B727BD4310004B6D49 /* GCDTutorialUITestsLaunchTests.swift in Sources */ = {isa = PBXBuildFile; fileRef = 5F88E1B627BD4310004B6D49 /* GCDTutorialUITestsLaunchTests.swift */; };
/* End PBXBuildFile section */

/* Begin PBXContainerItemProxy section */
		5F88E1A727BD4310004B6D49 /* PBXContainerItemProxy */ = {
			isa = PBXContainerItemProxy;
			containerPortal = 5F88E18827BD430D004B6D49 /* Project object */;
			proxyType = 1;
			remoteGlobalIDString = 5F88E18F27BD430D004B6D49;
			remoteInfo = GCDTutorial;
		};
		5F88E1B127BD4310004B6D49 /* PBXContainerItemProxy */ = {
			isa = PBXContainerItemProxy;
			containerPortal = 5F88E18827BD430D004B6D49 /* Project object */;
			proxyType = 1;
			remoteGlobalIDString = 5F88E18F27BD430D004B6D49;
			remoteInfo = GCDTutorial;
		};
/* End PBXContainerItemProxy section */

/* Begin PBXFileReference section */
		5F88E19027BD430D004B6D49 /* GCDTutorial.app */ = {isa = PBXFileReference; explicitFileType = wrapper.application; includeInIndex = 0; path = GCDTutorial.app; sourceTree = BUILT_PRODUCTS_DIR; };
		5F88E19327BD430D004B6D49 /* AppDelegate.swift */ = {isa = PBXFileReference; lastKnownFileType = sourcecode.swift; path = AppDelegate.swift; sourceTree = "<group>"; };
		5F88E19527BD430D004B6D49 /* SceneDelegate.swift */ = {isa = PBXFileReference; lastKnownFileType = sourcecode.swift; path = SceneDelegate.swift; sourceTree = "<group>"; };
		5F88E19727BD430D004B6D49 /* ViewController.swift */ = {isa = PBXFileReference; lastKnownFileType = sourcecode.swift; path = ViewController.swift; sourceTree = "<group>"; };
		5F88E19A27BD430D004B6D49 /* Base */ = {isa = PBXFileReference; lastKnownFileType = file.storyboard; name = Base; path = Base.lproj/Main.storyboard; sourceTree = "<group>"; };
		5F88E19C27BD430F004B6D49 /* Assets.xcassets */ = {isa = PBXFileReference; lastKnownFileType = folder.assetcatalog; path = Assets.xcassets; sourceTree = "<group>"; };
		5F88E19F27BD430F004B6D49 /* Base */ = {isa = PBXFileReference; lastKnownFileType = file.storyboard; name = Base; path = Base.lproj/LaunchScreen.storyboard; sourceTree = "<group>"; };
		5F88E1A127BD430F004B6D49 /* Info.plist */ = {isa = PBXFileReference; lastKnownFileType = text.plist.xml; path = Info.plist; sourceTree = "<group>"; };
		5F88E1A627BD4310004B6D49 /* GCDTutorialTests.xctest */ = {isa = PBXFileReference; explicitFileType = wrapper.cfbundle; includeInIndex = 0; path = GCDTutorialTests.xctest; sourceTree = BUILT_PRODUCTS_DIR; };
		5F88E1AA27BD4310004B6D49 /* GCDTutorialTests.swift */ = {isa = PBXFileReference; lastKnownFileType = sourcecode.swift; path = GCDTutorialTests.swift; sourceTree = "<group>"; };
		5F88E1B027BD4310004B6D49 /* GCDTutorialUITests.xctest */ = {isa = PBXFileReference; explicitFileType = wrapper.cfbundle; includeInIndex = 0; path = GCDTutorialUITests.xctest; sourceTree = BUILT_PRODUCTS_DIR; };
		5F88E1B427BD4310004B6D49 /* GCDTutorialUITests.swift */ = {isa = PBXFileReference; lastKnownFileType = sourcecode.swift; path = GCDTutorialUITests.swift; sourceTree = "<group>"; };
		5F88E1B627BD4310004B6D49 /* GCDTutorialUITestsLaunchTests.swift */ = {isa = PBXFileReference; lastKnownFileType = sourcecode.swift; path = GCDTutorialUITestsLaunchTests.swift; sourceTree = "<group>"; };
/* End PBXFileReference section */

/* Begin PBXFrameworksBuildPhase section */
		5F88E18D27BD430D004B6D49 /* Frameworks */ = {
			isa = PBXFrameworksBuildPhase;
			buildActionMask = 2147483647;
			files = (
			);
			runOnlyForDeploymentPostprocessing = 0;
		};
		5F88E1A327BD4310004B6D49 /* Frameworks */ = {
			isa = PBXFrameworksBuildPhase;
			buildActionMask = 2147483647;
			files = (
			);
			runOnlyForDeploymentPostprocessing = 0;
		};
		5F88E1AD27BD4310004B6D49 /* Frameworks */ = {
			isa = PBXFrameworksBuildPhase;
			buildActionMask = 2147483647;
			files = (
			);
			runOnlyForDeploymentPostprocessing = 0;
		};
/* End PBXFrameworksBuildPhase section */

/* Begin PBXGroup section */
		5F88E18727BD430D004B6D49 = {
			isa = PBXGroup;
			children = (
				5F88E19227BD430D004B6D49 /* GCDTutorial */,
				5F88E1A927BD4310004B6D49 /* GCDTutorialTests */,
				5F88E1B327BD4310004B6D49 /* GCDTutorialUITests */,
				5F88E19127BD430D004B6D49 /* Products */,
			);
			sourceTree = "<group>";
		};
		5F88E19127BD430D004B6D49 /* Products */ = {
			isa = PBXGroup;
			children = (
				5F88E19027BD430D004B6D49 /* GCDTutorial.app */,
				5F88E1A627BD4310004B6D49 /* GCDTutorialTests.xctest */,
				5F88E1B027BD4310004B6D49 /* GCDTutorialUITests.xctest */,
			);
			name = Products;
			sourceTree = "<group>";
		};
		5F88E19227BD430D004B6D49 /* GCDTutorial */ = {
			isa = PBXGroup;
			children = (
				5F88E19327BD430D004B6D49 /* AppDelegate.swift */,
				5F88E19527BD430D004B6D49 /* SceneDelegate.swift */,
				5F88E19727BD430D004B6D49 /* ViewController.swift */,
				5F88E19927BD430D004B6D49 /* Main.storyboard */,
				5F88E19C27BD430F004B6D49 /* Assets.xcassets */,
				5F88E19E27BD430F004B6D49 /* LaunchScreen.storyboard */,
				5F88E1A127BD430F004B6D49 /* Info.plist */,
			);
			path = GCDTutorial;
			sourceTree = "<group>";
		};
		5F88E1A927BD4310004B6D49 /* GCDTutorialTests */ = {
			isa = PBXGroup;
			children = (
				5F88E1AA27BD4310004B6D49 /* GCDTutorialTests.swift */,
			);
			path = GCDTutorialTests;
			sourceTree = "<group>";
		};
		5F88E1B327BD4310004B6D49 /* GCDTutorialUITests */ = {
			isa = PBXGroup;
			children = (
				5F88E1B427BD4310004B6D49 /* GCDTutorialUITests.swift */,
				5F88E1B627BD4310004B6D49 /* GCDTutorialUITestsLaunchTests.swift */,
			);
			path = GCDTutorialUITests;
			sourceTree = "<group>";
		};
/* End PBXGroup section */

/* Begin PBXNativeTarget section */
		5F88E18F27BD430D004B6D49 /* GCDTutorial */ = {
			isa = PBXNativeTarget;
			buildConfigurationList = 5F88E1BA27BD4310004B6D49 /* Build configuration list for PBXNativeTarget "GCDTutorial" */;
			buildPhases = (
				5F88E18C27BD430D004B6D49 /* Sources */,
				5F88E18D27BD430D004B6D49 /* Frameworks */,
				5F88E18E27BD430D004B6D49 /* Resources */,
			);
			buildRules = (
			);
			dependencies = (
			);
			name = GCDTutorial;
			productName = GCDTutorial;
			productReference = 5F88E19027BD430D004B6D49 /* GCDTutorial.app */;
			productType = "com.apple.product-type.application";
		};
		5F88E1A527BD4310004B6D49 /* GCDTutorialTests */ = {
			isa = PBXNativeTarget;
			buildConfigurationList = 5F88E1BD27BD4310004B6D49 /* Build configuration list for PBXNativeTarget "GCDTutorialTests" */;
			buildPhases = (
				5F88E1A227BD4310004B6D49 /* Sources */,
				5F88E1A327BD4310004B6D49 /* Frameworks */,
				5F88E1A427BD4310004B6D49 /* Resources */,
			);
			buildRules = (
			);
			dependencies = (
				5F88E1A827BD4310004B6D49 /* PBXTargetDependency */,
			);
			name = GCDTutorialTests;
			productName = GCDTutorialTests;
			productReference = 5F88E1A627BD4310004B6D49 /* GCDTutorialTests.xctest */;
			productType = "com.apple.product-type.bundle.unit-test";
		};
		5F88E1AF27BD4310004B6D49 /* GCDTutorialUITests */ = {
			isa = PBXNativeTarget;
			buildConfigurationList = 5F88E1C027BD4310004B6D49 /* Build configuration list for PBXNativeTarget "GCDTutorialUITests" */;
			buildPhases = (
				5F88E1AC27BD4310004B6D49 /* Sources */,
				5F88E1AD27BD4310004B6D49 /* Frameworks */,
				5F88E1AE27BD4310004B6D49 /* Resources */,
			);
			buildRules = (
			);
			dependencies = (
				5F88E1B227BD4310004B6D49 /* PBXTargetDependency */,
			);
			name = GCDTutorialUITests;
			productName = GCDTutorialUITests;
			productReference = 5F88E1B027BD4310004B6D49 /* GCDTutorialUITests.xctest */;
			productType = "com.apple.product-type.bundle.ui-testing";
		};
/* End PBXNativeTarget section */

/* Begin PBXProject section */
		5F88E18827BD430D004B6D49 /* Project object */ = {
			isa = PBXProject;
			attributes = {
				BuildIndependentTargetsInParallel = 1;
				LastSwiftUpdateCheck = 1320;
				LastUpgradeCheck = 1320;
				TargetAttributes = {
					5F88E18F27BD430D004B6D49 = {
						CreatedOnToolsVersion = 13.2.1;
					};
					5F88E1A527BD4310004B6D49 = {
						CreatedOnToolsVersion = 13.2.1;
						TestTargetID = 5F88E18F27BD430D004B6D49;
					};
					5F88E1AF27BD4310004B6D49 = {
						CreatedOnToolsVersion = 13.2.1;
						TestTargetID = 5F88E18F27BD430D004B6D49;
					};
				};
			};
			buildConfigurationList = 5F88E18B27BD430D004B6D49 /* Build configuration list for PBXProject "GCDTutorial" */;
			compatibilityVersion = "Xcode 13.0";
			developmentRegion = en;
			hasScannedForEncodings = 0;
			knownRegions = (
				en,
				Base,
			);
			mainGroup = 5F88E18727BD430D004B6D49;
			productRefGroup = 5F88E19127BD430D004B6D49 /* Products */;
			projectDirPath = "";
			projectRoot = "";
			targets = (
				5F88E18F27BD430D004B6D49 /* GCDTutorial */,
				5F88E1A527BD4310004B6D49 /* GCDTutorialTests */,
				5F88E1AF27BD4310004B6D49 /* GCDTutorialUITests */,
			);
		};
/* End PBXProject section */

/* Begin PBXResourcesBuildPhase section */
		5F88E18E27BD430D004B6D49 /* Resources */ = {
			isa = PBXResourcesBuildPhase;
			buildActionMask = 2147483647;
			files = (
				5F88E1A027BD430F004B6D49 /* LaunchScreen.storyboard in Resources */,
				5F88E19D27BD430F004B6D49 /* Assets.xcassets in Resources */,
				5F88E19B27BD430D004B6D49 /* Main.storyboard in Resources */,
			);
			runOnlyForDeploymentPostprocessing = 0;
		};
		5F88E1A427BD4310004B6D49 /* Resources */ = {
			isa = PBXResourcesBuildPhase;
			buildActionMask = 2147483647;
			files = (
			);
			runOnlyForDeploymentPostprocessing = 0;
		};
		5F88E1AE27BD4310004B6D49 /* Resources */ = {
			isa = PBXResourcesBuildPhase;
			buildActionMask = 2147483647;
			files = (
			);
			runOnlyForDeploymentPostprocessing = 0;
		};
/* End PBXResourcesBuildPhase section */

/* Begin PBXSourcesBuildPhase section */
		5F88E18C27BD430D004B6D49 /* Sources */ = {
			isa = PBXSourcesBuildPhase;
			buildActionMask = 2147483647;
			files = (
				5F88E19827BD430D004B6D49 /* ViewController.swift in Sources */,
				5F88E19427BD430D004B6D49 /* AppDelegate.swift in Sources */,
				5F88E19627BD430D004B6D49 /* SceneDelegate.swift in Sources */,
			);
			runOnlyForDeploymentPostprocessing = 0;
		};
		5F88E1A227BD4310004B6D49 /* Sources */ = {
			isa = PBXSourcesBuildPhase;
			buildActionMask = 2147483647;
			files = (
				5F88E1AB27BD4310004B6D49 /* GCDTutorialTests.swift in Sources */,
			);
			runOnlyForDeploymentPostprocessing = 0;
		};
		5F88E1AC27BD4310004B6D49 /* Sources */ = {
			isa = PBXSourcesBuildPhase;
			buildActionMask = 2147483647;
			files = (
				5F88E1B527BD4310004B6D49 /* GCDTutorialUITests.swift in Sources */,
				5F88E1B727BD4310004B6D49 /* GCDTutorialUITestsLaunchTests.swift in Sources */,
			);
			runOnlyForDeploymentPostprocessing = 0;
		};
/* End PBXSourcesBuildPhase section */

/* Begin PBXTargetDependency section */
		5F88E1A827BD4310004B6D49 /* PBXTargetDependency */ = {
			isa = PBXTargetDependency;
			target = 5F88E18F27BD430D004B6D49 /* GCDTutorial */;
			targetProxy = 5F88E1A727BD4310004B6D49 /* PBXContainerItemProxy */;
		};
		5F88E1B227BD4310004B6D49 /* PBXTargetDependency */ = {
			isa = PBXTargetDependency;
			target = 5F88E18F27BD430D004B6D49 /* GCDTutorial */;
			targetProxy = 5F88E1B127BD4310004B6D49 /* PBXContainerItemProxy */;
		};
/* End PBXTargetDependency section */

/* Begin PBXVariantGroup section */
		5F88E19927BD430D004B6D49 /* Main.storyboard */ = {
			isa = PBXVariantGroup;
			children = (
				5F88E19A27BD430D004B6D49 /* Base */,
			);
			name = Main.storyboard;
			sourceTree = "<group>";
		};
		5F88E19E27BD430F004B6D49 /* LaunchScreen.storyboard */ = {
			isa = PBXVariantGroup;
			children = (
				5F88E19F27BD430F004B6D49 /* Base */,
			);
			name = LaunchScreen.storyboard;
			sourceTree = "<group>";
		};
/* End PBXVariantGroup section */

/* Begin XCBuildConfiguration section */
		5F88E1B827BD4310004B6D49 /* Debug */ = {
			isa = XCBuildConfiguration;
			buildSettings = {
				ALWAYS_SEARCH_USER_PATHS = NO;
				CLANG_ANALYZER_NONNULL = YES;
				CLANG_ANALYZER_NUMBER_OBJECT_CONVERSION = YES_AGGRESSIVE;
				CLANG_CXX_LANGUAGE_STANDARD = "gnu++17";
				CLANG_CXX_LIBRARY = "libc++";
				CLANG_ENABLE_MODULES = YES;
				CLANG_ENABLE_OBJC_ARC = YES;
				CLANG_ENABLE_OBJC_WEAK = YES;
				CLANG_WARN_BLOCK_CAPTURE_AUTORELEASING = YES;
				CLANG_WARN_BOOL_CONVERSION = YES;
				CLANG_WARN_COMMA = YES;
				CLANG_WARN_CONSTANT_CONVERSION = YES;
				CLANG_WARN_DEPRECATED_OBJC_IMPLEMENTATIONS = YES;
				CLANG_WARN_DIRECT_OBJC_ISA_USAGE = YES_ERROR;
				CLANG_WARN_DOCUMENTATION_COMMENTS = YES;
				CLANG_WARN_EMPTY_BODY = YES;
				CLANG_WARN_ENUM_CONVERSION = YES;
				CLANG_WARN_INFINITE_RECURSION = YES;
				CLANG_WARN_INT_CONVERSION = YES;
				CLANG_WARN_NON_LITERAL_NULL_CONVERSION = YES;
				CLANG_WARN_OBJC_IMPLICIT_RETAIN_SELF = YES;
				CLANG_WARN_OBJC_LITERAL_CONVERSION = YES;
				CLANG_WARN_OBJC_ROOT_CLASS = YES_ERROR;
				CLANG_WARN_QUOTED_INCLUDE_IN_FRAMEWORK_HEADER = YES;
				CLANG_WARN_RANGE_LOOP_ANALYSIS = YES;
				CLANG_WARN_STRICT_PROTOTYPES = YES;
				CLANG_WARN_SUSPICIOUS_MOVE = YES;
				CLANG_WARN_UNGUARDED_AVAILABILITY = YES_AGGRESSIVE;
				CLANG_WARN_UNREACHABLE_CODE = YES;
				CLANG_WARN__DUPLICATE_METHOD_MATCH = YES;
				COPY_PHASE_STRIP = NO;
				DEBUG_INFORMATION_FORMAT = dwarf;
				ENABLE_STRICT_OBJC_MSGSEND = YES;
				ENABLE_TESTABILITY = YES;
				GCC_C_LANGUAGE_STANDARD = gnu11;
				GCC_DYNAMIC_NO_PIC = NO;
				GCC_NO_COMMON_BLOCKS = YES;
				GCC_OPTIMIZATION_LEVEL = 0;
				GCC_PREPROCESSOR_DEFINITIONS = (
					"DEBUG=1",
					"$(inherited)",
				);
				GCC_WARN_64_TO_32_BIT_CONVERSION = YES;
				GCC_WARN_ABOUT_RETURN_TYPE = YES_ERROR;
				GCC_WARN_UNDECLARED_SELECTOR = YES;
				GCC_WARN_UNINITIALIZED_AUTOS = YES_AGGRESSIVE;
				GCC_WARN_UNUSED_FUNCTION = YES;
				GCC_WARN_UNUSED_VARIABLE = YES;
				IPHONEOS_DEPLOYMENT_TARGET = 15.2;
				MTL_ENABLE_DEBUG_INFO = INCLUDE_SOURCE;
				MTL_FAST_MATH = YES;
				ONLY_ACTIVE_ARCH = YES;
				SDKROOT = iphoneos;
				SWIFT_ACTIVE_COMPILATION_CONDITIONS = DEBUG;
				SWIFT_OPTIMIZATION_LEVEL = "-Onone";
			};
			name = Debug;
		};
		5F88E1B927BD4310004B6D49 /* Release */ = {
			isa = XCBuildConfiguration;
			buildSettings = {
				ALWAYS_SEARCH_USER_PATHS = NO;
				CLANG_ANALYZER_NONNULL = YES;
				CLANG_ANALYZER_NUMBER_OBJECT_CONVERSION = YES_AGGRESSIVE;
				CLANG_CXX_LANGUAGE_STANDARD = "gnu++17";
				CLANG_CXX_LIBRARY = "libc++";
				CLANG_ENABLE_MODULES = YES;
				CLANG_ENABLE_OBJC_ARC = YES;
				CLANG_ENABLE_OBJC_WEAK = YES;
				CLANG_WARN_BLOCK_CAPTURE_AUTORELEASING = YES;
				CLANG_WARN_BOOL_CONVERSION = YES;
				CLANG_WARN_COMMA = YES;
				CLANG_WARN_CONSTANT_CONVERSION = YES;
				CLANG_WARN_DEPRECATED_OBJC_IMPLEMENTATIONS = YES;
				CLANG_WARN_DIRECT_OBJC_ISA_USAGE = YES_ERROR;
				CLANG_WARN_DOCUMENTATION_COMMENTS = YES;
				CLANG_WARN_EMPTY_BODY = YES;
				CLANG_WARN_ENUM_CONVERSION = YES;
				CLANG_WARN_INFINITE_RECURSION = YES;
				CLANG_WARN_INT_CONVERSION = YES;
				CLANG_WARN_NON_LITERAL_NULL_CONVERSION = YES;
				CLANG_WARN_OBJC_IMPLICIT_RETAIN_SELF = YES;
				CLANG_WARN_OBJC_LITERAL_CONVERSION = YES;
				CLANG_WARN_OBJC_ROOT_CLASS = YES_ERROR;
				CLANG_WARN_QUOTED_INCLUDE_IN_FRAMEWORK_HEADER = YES;
				CLANG_WARN_RANGE_LOOP_ANALYSIS = YES;
				CLANG_WARN_STRICT_PROTOTYPES = YES;
				CLANG_WARN_SUSPICIOUS_MOVE = YES;
				CLANG_WARN_UNGUARDED_AVAILABILITY = YES_AGGRESSIVE;
				CLANG_WARN_UNREACHABLE_CODE = YES;
				CLANG_WARN__DUPLICATE_METHOD_MATCH = YES;
				COPY_PHASE_STRIP = NO;
				DEBUG_INFORMATION_FORMAT = "dwarf-with-dsym";
				ENABLE_NS_ASSERTIONS = NO;
				ENABLE_STRICT_OBJC_MSGSEND = YES;
				GCC_C_LANGUAGE_STANDARD = gnu11;
				GCC_NO_COMMON_BLOCKS = YES;
				GCC_WARN_64_TO_32_BIT_CONVERSION = YES;
				GCC_WARN_ABOUT_RETURN_TYPE = YES_ERROR;
				GCC_WARN_UNDECLARED_SELECTOR = YES;
				GCC_WARN_UNINITIALIZED_AUTOS = YES_AGGRESSIVE;
				GCC_WARN_UNUSED_FUNCTION = YES;
				GCC_WARN_UNUSED_VARIABLE = YES;
				IPHONEOS_DEPLOYMENT_TARGET = 15.2;
				MTL_ENABLE_DEBUG_INFO = NO;
				MTL_FAST_MATH = YES;
				SDKROOT = iphoneos;
				SWIFT_COMPILATION_MODE = wholemodule;
				SWIFT_OPTIMIZATION_LEVEL = "-O";
				VALIDATE_PRODUCT = YES;
			};
			name = Release;
		};
		5F88E1BB27BD4310004B6D49 /* Debug */ = {
			isa = XCBuildConfiguration;
			buildSettings = {
				ASSETCATALOG_COMPILER_APPICON_NAME = AppIcon;
				ASSETCATALOG_COMPILER_GLOBAL_ACCENT_COLOR_NAME = AccentColor;
				CODE_SIGN_STYLE = Automatic;
				CURRENT_PROJECT_VERSION = 1;
				DEVELOPMENT_TEAM = 3BDAF2SHGL;
				GENERATE_INFOPLIST_FILE = YES;
				INFOPLIST_FILE = GCDTutorial/Info.plist;
				INFOPLIST_KEY_UIApplicationSupportsIndirectInputEvents = YES;
				INFOPLIST_KEY_UILaunchStoryboardName = LaunchScreen;
				INFOPLIST_KEY_UIMainStoryboardFile = Main;
				INFOPLIST_KEY_UISupportedInterfaceOrientations_iPad = "UIInterfaceOrientationPortrait UIInterfaceOrientationPortraitUpsideDown UIInterfaceOrientationLandscapeLeft UIInterfaceOrientationLandscapeRight";
				INFOPLIST_KEY_UISupportedInterfaceOrientations_iPhone = "UIInterfaceOrientationPortrait UIInterfaceOrientationLandscapeLeft UIInterfaceOrientationLandscapeRight";
				LD_RUNPATH_SEARCH_PATHS = (
					"$(inherited)",
					"@executable_path/Frameworks",
				);
				MARKETING_VERSION = 1.0;
				PRODUCT_BUNDLE_IDENTIFIER = com.example.brianbachow.GCDTutorial;
				PRODUCT_NAME = "$(TARGET_NAME)";
				SWIFT_EMIT_LOC_STRINGS = YES;
				SWIFT_VERSION = 5.0;
				TARGETED_DEVICE_FAMILY = "1,2";
			};
			name = Debug;
		};
		5F88E1BC27BD4310004B6D49 /* Release */ = {
			isa = XCBuildConfiguration;
			buildSettings = {
				ASSETCATALOG_COMPILER_APPICON_NAME = AppIcon;
				ASSETCATALOG_COMPILER_GLOBAL_ACCENT_COLOR_NAME = AccentColor;
				CODE_SIGN_STYLE = Automatic;
				CURRENT_PROJECT_VERSION = 1;
				DEVELOPMENT_TEAM = 3BDAF2SHGL;
				GENERATE_INFOPLIST_FILE = YES;
				INFOPLIST_FILE = GCDTutorial/Info.plist;
				INFOPLIST_KEY_UIApplicationSupportsIndirectInputEvents = YES;
				INFOPLIST_KEY_UILaunchStoryboardName = LaunchScreen;
				INFOPLIST_KEY_UIMainStoryboardFile = Main;
				INFOPLIST_KEY_UISupportedInterfaceOrientations_iPad = "UIInterfaceOrientationPortrait UIInterfaceOrientationPortraitUpsideDown UIInterfaceOrientationLandscapeLeft UIInterfaceOrientationLandscapeRight";
				INFOPLIST_KEY_UISupportedInterfaceOrientations_iPhone = "UIInterfaceOrientationPortrait UIInterfaceOrientationLandscapeLeft UIInterfaceOrientationLandscapeRight";
				LD_RUNPATH_SEARCH_PATHS = (
					"$(inherited)",
					"@executable_path/Frameworks",
				);
				MARKETING_VERSION = 1.0;
				PRODUCT_BUNDLE_IDENTIFIER = com.example.brianbachow.GCDTutorial;
				PRODUCT_NAME = "$(TARGET_NAME)";
				SWIFT_EMIT_LOC_STRINGS = YES;
				SWIFT_VERSION = 5.0;
				TARGETED_DEVICE_FAMILY = "1,2";
			};
			name = Release;
		};
		5F88E1BE27BD4310004B6D49 /* Debug */ = {
			isa = XCBuildConfiguration;
			buildSettings = {
				ALWAYS_EMBED_SWIFT_STANDARD_LIBRARIES = YES;
				BUNDLE_LOADER = "$(TEST_HOST)";
				CODE_SIGN_STYLE = Automatic;
				CURRENT_PROJECT_VERSION = 1;
				DEVELOPMENT_TEAM = 3BDAF2SHGL;
				GENERATE_INFOPLIST_FILE = YES;
				IPHONEOS_DEPLOYMENT_TARGET = 15.2;
				MARKETING_VERSION = 1.0;
				PRODUCT_BUNDLE_IDENTIFIER = com.example.brianbachow.GCDTutorialTests;
				PRODUCT_NAME = "$(TARGET_NAME)";
				SWIFT_EMIT_LOC_STRINGS = NO;
				SWIFT_VERSION = 5.0;
				TARGETED_DEVICE_FAMILY = "1,2";
				TEST_HOST = "$(BUILT_PRODUCTS_DIR)/GCDTutorial.app/GCDTutorial";
			};
			name = Debug;
		};
		5F88E1BF27BD4310004B6D49 /* Release */ = {
			isa = XCBuildConfiguration;
			buildSettings = {
				ALWAYS_EMBED_SWIFT_STANDARD_LIBRARIES = YES;
				BUNDLE_LOADER = "$(TEST_HOST)";
				CODE_SIGN_STYLE = Automatic;
				CURRENT_PROJECT_VERSION = 1;
				DEVELOPMENT_TEAM = 3BDAF2SHGL;
				GENERATE_INFOPLIST_FILE = YES;
				IPHONEOS_DEPLOYMENT_TARGET = 15.2;
				MARKETING_VERSION = 1.0;
				PRODUCT_BUNDLE_IDENTIFIER = com.example.brianbachow.GCDTutorialTests;
				PRODUCT_NAME = "$(TARGET_NAME)";
				SWIFT_EMIT_LOC_STRINGS = NO;
				SWIFT_VERSION = 5.0;
				TARGETED_DEVICE_FAMILY = "1,2";
				TEST_HOST = "$(BUILT_PRODUCTS_DIR)/GCDTutorial.app/GCDTutorial";
			};
			name = Release;
		};
		5F88E1C127BD4310004B6D49 /* Debug */ = {
			isa = XCBuildConfiguration;
			buildSettings = {
				ALWAYS_EMBED_SWIFT_STANDARD_LIBRARIES = YES;
				CODE_SIGN_STYLE = Automatic;
				CURRENT_PROJECT_VERSION = 1;
				DEVELOPMENT_TEAM = 3BDAF2SHGL;
				GENERATE_INFOPLIST_FILE = YES;
				MARKETING_VERSION = 1.0;
				PRODUCT_BUNDLE_IDENTIFIER = com.example.brianbachow.GCDTutorialUITests;
				PRODUCT_NAME = "$(TARGET_NAME)";
				SWIFT_EMIT_LOC_STRINGS = NO;
				SWIFT_VERSION = 5.0;
				TARGETED_DEVICE_FAMILY = "1,2";
				TEST_TARGET_NAME = GCDTutorial;
			};
			name = Debug;
		};
		5F88E1C227BD4310004B6D49 /* Release */ = {
			isa = XCBuildConfiguration;
			buildSettings = {
				ALWAYS_EMBED_SWIFT_STANDARD_LIBRARIES = YES;
				CODE_SIGN_STYLE = Automatic;
				CURRENT_PROJECT_VERSION = 1;
				DEVELOPMENT_TEAM = 3BDAF2SHGL;
				GENERATE_INFOPLIST_FILE = YES;
				MARKETING_VERSION = 1.0;
				PRODUCT_BUNDLE_IDENTIFIER = com.example.brianbachow.GCDTutorialUITests;
				PRODUCT_NAME = "$(TARGET_NAME)";
				SWIFT_EMIT_LOC_STRINGS = NO;
				SWIFT_VERSION = 5.0;
				TARGETED_DEVICE_FAMILY = "1,2";
				TEST_TARGET_NAME = GCDTutorial;
			};
			name = Release;
		};
/* End XCBuildConfiguration section */

/* Begin XCConfigurationList section */
		5F88E18B27BD430D004B6D49 /* Build configuration list for PBXProject "GCDTutorial" */ = {
			isa = XCConfigurationList;
			buildConfigurations = (
				5F88E1B827BD4310004B6D49 /* Debug */,
				5F88E1B927BD4310004B6D49 /* Release */,
			);
			defaultConfigurationIsVisible = 0;
			defaultConfigurationName = Release;
		};
		5F88E1BA27BD4310004B6D49 /* Build configuration list for PBXNativeTarget "GCDTutorial" */ = {
			isa = XCConfigurationList;
			buildConfigurations = (
				5F88E1BB27BD4310004B6D49 /* Debug */,
				5F88E1BC27BD4310004B6D49 /* Release */,
			);
			defaultConfigurationIsVisible = 0;
			defaultConfigurationName = Release;
		};
		5F88E1BD27BD4310004B6D49 /* Build configuration list for PBXNativeTarget "GCDTutorialTests" */ = {
			isa = XCConfigurationList;
			buildConfigurations = (
				5F88E1BE27BD4310004B6D49 /* Debug */,
				5F88E1BF27BD4310004B6D49 /* Release */,
			);
			defaultConfigurationIsVisible = 0;
			defaultConfigurationName = Release;
		};
		5F88E1C027BD4310004B6D49 /* Build configuration list for PBXNativeTarget "GCDTutorialUITests" */ = {
			isa = XCConfigurationList;
			buildConfigurations = (
				5F88E1C127BD4310004B6D49 /* Debug */,
				5F88E1C227BD4310004B6D49 /* Release */,
			);
			defaultConfigurationIsVisible = 0;
			defaultConfigurationName = Release;
		};
/* End XCConfigurationList section */
	};
	rootObject = 5F88E18827BD430D004B6D49 /* Project object */;
}
